
Microsoft Visual Studio Solution File, Format Version 11.00
# Visual Studio 2010
Project("{2150E333-8FDC-42A3-9474-1A3956D46DE8}") = "include", "include", "{C65A16DD-D571-4FD9-A32D-3D4A84CB3469}"
	ProjectSection(SolutionItems) = preProject
		..\..\include\zyuzhi\math.hpp = ..\..\include\zyuzhi\math.hpp
	EndProjectSection
EndProject
Project("{2150E333-8FDC-42A3-9474-1A3956D46DE8}") = "sample", "sample", "{56CA83C4-8AED-4E0A-AA2F-9AE4868EBAA2}"
EndProject
Project("{2150E333-8FDC-42A3-9474-1A3956D46DE8}") = "math", "math", "{B34204FA-E41A-4278-8843-82860126AA0E}"
	ProjectSection(SolutionItems) = preProject
		..\..\include\zyuzhi\math\gcd_lcm.hpp = ..\..\include\zyuzhi\math\gcd_lcm.hpp
	EndProjectSection
EndProject
Project("{8BC9CEB8-8B4A-11D0-8D11-00A0C91BC942}") = "gcd_lcm", "gcd_lcm\gcd_lcm.vcxproj", "{482016F8-0CE5-4AFD-BC6E-A36B0CC68C4A}"
EndProject
Global
	GlobalSection(SolutionConfigurationPlatforms) = preSolution
		Debug|Win32 = Debug|Win32
		Release|Win32 = Release|Win32
	EndGlobalSection
	GlobalSection(ProjectConfigurationPlatforms) = postSolution
		{482016F8-0CE5-4AFD-BC6E-A36B0CC68C4A}.Debug|Win32.ActiveCfg = Debug|Win32
		{482016F8-0CE5-4AFD-BC6E-A36B0CC68C4A}.Debug|Win32.Build.0 = Debug|Win32
		{482016F8-0CE5-4AFD-BC6E-A36B0CC68C4A}.Release|Win32.ActiveCfg = Release|Win32
		{482016F8-0CE5-4AFD-BC6E-A36B0CC68C4A}.Release|Win32.Build.0 = Release|Win32
	EndGlobalSection
	GlobalSection(SolutionProperties) = preSolution
		HideSolutionNode = FALSE
	EndGlobalSection
	GlobalSection(NestedProjects) = preSolution
		{B34204FA-E41A-4278-8843-82860126AA0E} = {C65A16DD-D571-4FD9-A32D-3D4A84CB3469}
		{482016F8-0CE5-4AFD-BC6E-A36B0CC68C4A} = {56CA83C4-8AED-4E0A-AA2F-9AE4868EBAA2}
	EndGlobalSection
EndGlobal
